
Microsoft Visual Studio Solution File, Format Version 12.00
# Visual Studio 2013
VisualStudioVersion = 12.0.31101.0
MinimumVisualStudioVersion = 10.0.40219.1
Project("{FAE04EC0-301F-11D3-BF4B-00C04F79EFBC}") = "Contracts", "Contracts\Contracts.csproj", "{0E2B3FAE-5960-4DBF-98DE-8AF90F4D3549}"
EndProject
Project("{FAE04EC0-301F-11D3-BF4B-00C04F79EFBC}") = "Services", "Services\Services.csproj", "{67710103-BD62-4D90-A4C1-B4460EC679A4}"
EndProject
Global
	GlobalSection(SolutionConfigurationPlatforms) = preSolution
		Debug|Any CPU = Debug|Any CPU
		Release|Any CPU = Release|Any CPU
	EndGlobalSection
	GlobalSection(ProjectConfigurationPlatforms) = postSolution
		{0E2B3FAE-5960-4DBF-98DE-8AF90F4D3549}.Debug|Any CPU.ActiveCfg = Debug|Any CPU
		{0E2B3FAE-5960-4DBF-98DE-8AF90F4D3549}.Debug|Any CPU.Build.0 = Debug|Any CPU
		{0E2B3FAE-5960-4DBF-98DE-8AF90F4D3549}.Release|Any CPU.ActiveCfg = Release|Any CPU
		{0E2B3FAE-5960-4DBF-98DE-8AF90F4D3549}.Release|Any CPU.Build.0 = Release|Any CPU
		{67710103-BD62-4D90-A4C1-B4460EC679A4}.Debug|Any CPU.ActiveCfg = Debug|Any CPU
		{67710103-BD62-4D90-A4C1-B4460EC679A4}.Debug|Any CPU.Build.0 = Debug|Any CPU
		{67710103-BD62-4D90-A4C1-B4460EC679A4}.Release|Any CPU.ActiveCfg = Release|Any CPU
		{67710103-BD62-4D90-A4C1-B4460EC679A4}.Release|Any CPU.Build.0 = Release|Any CPU
	EndGlobalSection
	GlobalSection(SolutionProperties) = preSolution
		HideSolutionNode = FALSE
	EndGlobalSection
EndGlobal
